// !$*UTF8*$!
{
	archiveVersion = 1;
	classes = {
	};
	objectVersion = 55;
	objects = {

/* Begin PBXBuildFile section */
		FA0DDED1280757A300E4327F /* CurrentPositionManager.swift in Sources */ = {isa = PBXBuildFile; fileRef = FA0DDED0280757A300E4327F /* CurrentPositionManager.swift */; };
		FA0DDED32807581100E4327F /* WheatherObject .swift in Sources */ = {isa = PBXBuildFile; fileRef = FA0DDED22807581100E4327F /* WheatherObject .swift */; };
		FA166BA22801E38C006CC22B /* ResponseObject.swift in Sources */ = {isa = PBXBuildFile; fileRef = FA166BA12801E38B006CC22B /* ResponseObject.swift */; };
		FA1A55202815C8A5006C1B4A /* Assets.xcassets in Resources */ = {isa = PBXBuildFile; fileRef = FA1A551F2815C8A5006C1B4A /* Assets.xcassets */; };
		FA3C3A312811FA8800162AA4 /* LocationManager.swift in Sources */ = {isa = PBXBuildFile; fileRef = FA3C3A302811FA8800162AA4 /* LocationManager.swift */; };
		FA526C2527F3A8F3009081FA /* AppDelegate.swift in Sources */ = {isa = PBXBuildFile; fileRef = FA526C2427F3A8F3009081FA /* AppDelegate.swift */; };
		FA526C2727F3A8F3009081FA /* SceneDelegate.swift in Sources */ = {isa = PBXBuildFile; fileRef = FA526C2627F3A8F3009081FA /* SceneDelegate.swift */; };
		FA526C2927F3A8F4009081FA /* ViewController.swift in Sources */ = {isa = PBXBuildFile; fileRef = FA526C2827F3A8F3009081FA /* ViewController.swift */; };
		FA526C2C27F3A8F4009081FA /* Main.storyboard in Resources */ = {isa = PBXBuildFile; fileRef = FA526C2A27F3A8F4009081FA /* Main.storyboard */; };
		FA526C3127F3A8F5009081FA /* LaunchScreen.storyboard in Resources */ = {isa = PBXBuildFile; fileRef = FA526C2F27F3A8F5009081FA /* LaunchScreen.storyboard */; };
		FA6C582027F9ADFD00BDF9AA /* URLBuilder.swift in Sources */ = {isa = PBXBuildFile; fileRef = FA6C581F27F9ADFD00BDF9AA /* URLBuilder.swift */; };
		FA6C582227FA196E00BDF9AA /* URLService.swift in Sources */ = {isa = PBXBuildFile; fileRef = FA6C582127FA196E00BDF9AA /* URLService.swift */; };
/* End PBXBuildFile section */

/* Begin PBXFileReference section */
		FA0DDED0280757A300E4327F /* CurrentPositionManager.swift */ = {isa = PBXFileReference; lastKnownFileType = sourcecode.swift; path = CurrentPositionManager.swift; sourceTree = "<group>"; };
		FA0DDED22807581100E4327F /* WheatherObject .swift */ = {isa = PBXFileReference; lastKnownFileType = sourcecode.swift; path = "WheatherObject .swift"; sourceTree = "<group>"; };
		FA166BA12801E38B006CC22B /* ResponseObject.swift */ = {isa = PBXFileReference; lastKnownFileType = sourcecode.swift; path = ResponseObject.swift; sourceTree = "<group>"; };
		FA1A551F2815C8A5006C1B4A /* Assets.xcassets */ = {isa = PBXFileReference; lastKnownFileType = folder.assetcatalog; path = Assets.xcassets; sourceTree = "<group>"; };
		FA3C3A302811FA8800162AA4 /* LocationManager.swift */ = {isa = PBXFileReference; lastKnownFileType = sourcecode.swift; path = LocationManager.swift; sourceTree = "<group>"; };
		FA526C2127F3A8F3009081FA /* Weather app.app */ = {isa = PBXFileReference; explicitFileType = wrapper.application; includeInIndex = 0; path = "Weather app.app"; sourceTree = BUILT_PRODUCTS_DIR; };
		FA526C2427F3A8F3009081FA /* AppDelegate.swift */ = {isa = PBXFileReference; lastKnownFileType = sourcecode.swift; path = AppDelegate.swift; sourceTree = "<group>"; };
		FA526C2627F3A8F3009081FA /* SceneDelegate.swift */ = {isa = PBXFileReference; lastKnownFileType = sourcecode.swift; path = SceneDelegate.swift; sourceTree = "<group>"; };
		FA526C2827F3A8F3009081FA /* ViewController.swift */ = {isa = PBXFileReference; lastKnownFileType = sourcecode.swift; path = ViewController.swift; sourceTree = "<group>"; };
		FA526C2B27F3A8F4009081FA /* Base */ = {isa = PBXFileReference; lastKnownFileType = file.storyboard; name = Base; path = Base.lproj/Main.storyboard; sourceTree = "<group>"; };
		FA526C3027F3A8F5009081FA /* Base */ = {isa = PBXFileReference; lastKnownFileType = file.storyboard; name = Base; path = Base.lproj/LaunchScreen.storyboard; sourceTree = "<group>"; };
		FA526C3227F3A8F5009081FA /* Info.plist */ = {isa = PBXFileReference; lastKnownFileType = text.plist.xml; path = Info.plist; sourceTree = "<group>"; };
		FA6C581F27F9ADFD00BDF9AA /* URLBuilder.swift */ = {isa = PBXFileReference; lastKnownFileType = sourcecode.swift; path = URLBuilder.swift; sourceTree = "<group>"; };
		FA6C582127FA196E00BDF9AA /* URLService.swift */ = {isa = PBXFileReference; lastKnownFileType = sourcecode.swift; path = URLService.swift; sourceTree = "<group>"; };
/* End PBXFileReference section */

/* Begin PBXFrameworksBuildPhase section */
		FA526C1E27F3A8F3009081FA /* Frameworks */ = {
			isa = PBXFrameworksBuildPhase;
			buildActionMask = 2147483647;
			files = (
			);
			runOnlyForDeploymentPostprocessing = 0;
		};
/* End PBXFrameworksBuildPhase section */

/* Begin PBXGroup section */
		FA526C1827F3A8F3009081FA = {
			isa = PBXGroup;
			children = (
				FA526C2327F3A8F3009081FA /* Weather app */,
				FA526C2227F3A8F3009081FA /* Products */,
			);
			sourceTree = "<group>";
		};
		FA526C2227F3A8F3009081FA /* Products */ = {
			isa = PBXGroup;
			children = (
				FA526C2127F3A8F3009081FA /* Weather app.app */,
			);
			name = Products;
			sourceTree = "<group>";
		};
		FA526C2327F3A8F3009081FA /* Weather app */ = {
			isa = PBXGroup;
			children = (
				FA526C2427F3A8F3009081FA /* AppDelegate.swift */,
				FA526C2827F3A8F3009081FA /* ViewController.swift */,
				FA526C2A27F3A8F4009081FA /* Main.storyboard */,
				FA1A551F2815C8A5006C1B4A /* Assets.xcassets */,
				FA526C2F27F3A8F5009081FA /* LaunchScreen.storyboard */,
				FA526C3227F3A8F5009081FA /* Info.plist */,
				FA6C581F27F9ADFD00BDF9AA /* URLBuilder.swift */,
				FA166BA12801E38B006CC22B /* ResponseObject.swift */,
				FA526C2627F3A8F3009081FA /* SceneDelegate.swift */,
				FA6C582127FA196E00BDF9AA /* URLService.swift */,
				FA0DDED0280757A300E4327F /* CurrentPositionManager.swift */,
				FA0DDED22807581100E4327F /* WheatherObject .swift */,
				FA3C3A302811FA8800162AA4 /* LocationManager.swift */,
			);
			path = "Weather app";
			sourceTree = "<group>";
		};
/* End PBXGroup section */

/* Begin PBXNativeTarget section */
		FA526C2027F3A8F3009081FA /* Weather app */ = {
			isa = PBXNativeTarget;
			buildConfigurationList = FA526C3527F3A8F5009081FA /* Build configuration list for PBXNativeTarget "Weather app" */;
			buildPhases = (
				FA526C1D27F3A8F3009081FA /* Sources */,
				FA526C1E27F3A8F3009081FA /* Frameworks */,
				FA526C1F27F3A8F3009081FA /* Resources */,
			);
			buildRules = (
			);
			dependencies = (
			);
			name = "Weather app";
			productName = "Weather app";
			productReference = FA526C2127F3A8F3009081FA /* Weather app.app */;
			productType = "com.apple.product-type.application";
		};
/* End PBXNativeTarget section */

/* Begin PBXProject section */
		FA526C1927F3A8F3009081FA /* Project object */ = {
			isa = PBXProject;
			attributes = {
				BuildIndependentTargetsInParallel = 1;
				LastSwiftUpdateCheck = 1320;
				LastUpgradeCheck = 1320;
				TargetAttributes = {
					FA526C2027F3A8F3009081FA = {
						CreatedOnToolsVersion = 13.2.1;
					};
				};
			};
			buildConfigurationList = FA526C1C27F3A8F3009081FA /* Build configuration list for PBXProject "Weather app" */;
			compatibilityVersion = "Xcode 13.0";
			developmentRegion = en;
			hasScannedForEncodings = 0;
			knownRegions = (
				en,
				Base,
			);
			mainGroup = FA526C1827F3A8F3009081FA;
			productRefGroup = FA526C2227F3A8F3009081FA /* Products */;
			projectDirPath = "";
			projectRoot = "";
			targets = (
				FA526C2027F3A8F3009081FA /* Weather app */,
			);
		};
/* End PBXProject section */

/* Begin PBXResourcesBuildPhase section */
		FA526C1F27F3A8F3009081FA /* Resources */ = {
			isa = PBXResourcesBuildPhase;
			buildActionMask = 2147483647;
			files = (
				FA526C3127F3A8F5009081FA /* LaunchScreen.storyboard in Resources */,
				FA1A55202815C8A5006C1B4A /* Assets.xcassets in Resources */,
				FA526C2C27F3A8F4009081FA /* Main.storyboard in Resources */,
			);
			runOnlyForDeploymentPostprocessing = 0;
		};
/* End PBXResourcesBuildPhase section */

/* Begin PBXSourcesBuildPhase section */
		FA526C1D27F3A8F3009081FA /* Sources */ = {
			isa = PBXSourcesBuildPhase;
			buildActionMask = 2147483647;
			files = (
				FA526C2927F3A8F4009081FA /* ViewController.swift in Sources */,
				FA166BA22801E38C006CC22B /* ResponseObject.swift in Sources */,
				FA0DDED1280757A300E4327F /* CurrentPositionManager.swift in Sources */,
				FA6C582027F9ADFD00BDF9AA /* URLBuilder.swift in Sources */,
				FA526C2527F3A8F3009081FA /* AppDelegate.swift in Sources */,
				FA6C582227FA196E00BDF9AA /* URLService.swift in Sources */,
				FA526C2727F3A8F3009081FA /* SceneDelegate.swift in Sources */,
				FA0DDED32807581100E4327F /* WheatherObject .swift in Sources */,
				FA3C3A312811FA8800162AA4 /* LocationManager.swift in Sources */,
			);
			runOnlyForDeploymentPostprocessing = 0;
		};
/* End PBXSourcesBuildPhase section */

/* Begin PBXVariantGroup section */
		FA526C2A27F3A8F4009081FA /* Main.storyboard */ = {
			isa = PBXVariantGroup;
			children = (
				FA526C2B27F3A8F4009081FA /* Base */,
			);
			name = Main.storyboard;
			sourceTree = "<group>";
		};
		FA526C2F27F3A8F5009081FA /* LaunchScreen.storyboard */ = {
			isa = PBXVariantGroup;
			children = (
				FA526C3027F3A8F5009081FA /* Base */,
			);
			name = LaunchScreen.storyboard;
			sourceTree = "<group>";
		};
/* End PBXVariantGroup section */

/* Begin XCBuildConfiguration section */
		FA526C3327F3A8F5009081FA /* Debug */ = {
			isa = XCBuildConfiguration;
			buildSettings = {
				ALWAYS_SEARCH_USER_PATHS = NO;
				CLANG_ANALYZER_NONNULL = YES;
				CLANG_ANALYZER_NUMBER_OBJECT_CONVERSION = YES_AGGRESSIVE;
				CLANG_CXX_LANGUAGE_STANDARD = "gnu++17";
				CLANG_CXX_LIBRARY = "libc++";
				CLANG_ENABLE_MODULES = YES;
				CLANG_ENABLE_OBJC_ARC = YES;
				CLANG_ENABLE_OBJC_WEAK = YES;
				CLANG_WARN_BLOCK_CAPTURE_AUTORELEASING = YES;
				CLANG_WARN_BOOL_CONVERSION = YES;
				CLANG_WARN_COMMA = YES;
				CLANG_WARN_CONSTANT_CONVERSION = YES;
				CLANG_WARN_DEPRECATED_OBJC_IMPLEMENTATIONS = YES;
				CLANG_WARN_DIRECT_OBJC_ISA_USAGE = YES_ERROR;
				CLANG_WARN_DOCUMENTATION_COMMENTS = YES;
				CLANG_WARN_EMPTY_BODY = YES;
				CLANG_WARN_ENUM_CONVERSION = YES;
				CLANG_WARN_INFINITE_RECURSION = YES;
				CLANG_WARN_INT_CONVERSION = YES;
				CLANG_WARN_NON_LITERAL_NULL_CONVERSION = YES;
				CLANG_WARN_OBJC_IMPLICIT_RETAIN_SELF = YES;
				CLANG_WARN_OBJC_LITERAL_CONVERSION = YES;
				CLANG_WARN_OBJC_ROOT_CLASS = YES_ERROR;
				CLANG_WARN_QUOTED_INCLUDE_IN_FRAMEWORK_HEADER = YES;
				CLANG_WARN_RANGE_LOOP_ANALYSIS = YES;
				CLANG_WARN_STRICT_PROTOTYPES = YES;
				CLANG_WARN_SUSPICIOUS_MOVE = YES;
				CLANG_WARN_UNGUARDED_AVAILABILITY = YES_AGGRESSIVE;
				CLANG_WARN_UNREACHABLE_CODE = YES;
				CLANG_WARN__DUPLICATE_METHOD_MATCH = YES;
				COPY_PHASE_STRIP = NO;
				DEBUG_INFORMATION_FORMAT = dwarf;
				ENABLE_STRICT_OBJC_MSGSEND = YES;
				ENABLE_TESTABILITY = YES;
				GCC_C_LANGUAGE_STANDARD = gnu11;
				GCC_DYNAMIC_NO_PIC = NO;
				GCC_NO_COMMON_BLOCKS = YES;
				GCC_OPTIMIZATION_LEVEL = 0;
				GCC_PREPROCESSOR_DEFINITIONS = (
					"DEBUG=1",
					"$(inherited)",
				);
				GCC_WARN_64_TO_32_BIT_CONVERSION = YES;
				GCC_WARN_ABOUT_RETURN_TYPE = YES_ERROR;
				GCC_WARN_UNDECLARED_SELECTOR = YES;
				GCC_WARN_UNINITIALIZED_AUTOS = YES_AGGRESSIVE;
				GCC_WARN_UNUSED_FUNCTION = YES;
				GCC_WARN_UNUSED_VARIABLE = YES;
				IPHONEOS_DEPLOYMENT_TARGET = 15.2;
				MTL_ENABLE_DEBUG_INFO = INCLUDE_SOURCE;
				MTL_FAST_MATH = YES;
				ONLY_ACTIVE_ARCH = YES;
				SDKROOT = iphoneos;
				SWIFT_ACTIVE_COMPILATION_CONDITIONS = DEBUG;
				SWIFT_OPTIMIZATION_LEVEL = "-Onone";
			};
			name = Debug;
		};
		FA526C3427F3A8F5009081FA /* Release */ = {
			isa = XCBuildConfiguration;
			buildSettings = {
				ALWAYS_SEARCH_USER_PATHS = NO;
				CLANG_ANALYZER_NONNULL = YES;
				CLANG_ANALYZER_NUMBER_OBJECT_CONVERSION = YES_AGGRESSIVE;
				CLANG_CXX_LANGUAGE_STANDARD = "gnu++17";
				CLANG_CXX_LIBRARY = "libc++";
				CLANG_ENABLE_MODULES = YES;
				CLANG_ENABLE_OBJC_ARC = YES;
				CLANG_ENABLE_OBJC_WEAK = YES;
				CLANG_WARN_BLOCK_CAPTURE_AUTORELEASING = YES;
				CLANG_WARN_BOOL_CONVERSION = YES;
				CLANG_WARN_COMMA = YES;
				CLANG_WARN_CONSTANT_CONVERSION = YES;
				CLANG_WARN_DEPRECATED_OBJC_IMPLEMENTATIONS = YES;
				CLANG_WARN_DIRECT_OBJC_ISA_USAGE = YES_ERROR;
				CLANG_WARN_DOCUMENTATION_COMMENTS = YES;
				CLANG_WARN_EMPTY_BODY = YES;
				CLANG_WARN_ENUM_CONVERSION = YES;
				CLANG_WARN_INFINITE_RECURSION = YES;
				CLANG_WARN_INT_CONVERSION = YES;
				CLANG_WARN_NON_LITERAL_NULL_CONVERSION = YES;
				CLANG_WARN_OBJC_IMPLICIT_RETAIN_SELF = YES;
				CLANG_WARN_OBJC_LITERAL_CONVERSION = YES;
				CLANG_WARN_OBJC_ROOT_CLASS = YES_ERROR;
				CLANG_WARN_QUOTED_INCLUDE_IN_FRAMEWORK_HEADER = YES;
				CLANG_WARN_RANGE_LOOP_ANALYSIS = YES;
				CLANG_WARN_STRICT_PROTOTYPES = YES;
				CLANG_WARN_SUSPICIOUS_MOVE = YES;
				CLANG_WARN_UNGUARDED_AVAILABILITY = YES_AGGRESSIVE;
				CLANG_WARN_UNREACHABLE_CODE = YES;
				CLANG_WARN__DUPLICATE_METHOD_MATCH = YES;
				COPY_PHASE_STRIP = NO;
				DEBUG_INFORMATION_FORMAT = "dwarf-with-dsym";
				ENABLE_NS_ASSERTIONS = NO;
				ENABLE_STRICT_OBJC_MSGSEND = YES;
				GCC_C_LANGUAGE_STANDARD = gnu11;
				GCC_NO_COMMON_BLOCKS = YES;
				GCC_WARN_64_TO_32_BIT_CONVERSION = YES;
				GCC_WARN_ABOUT_RETURN_TYPE = YES_ERROR;
				GCC_WARN_UNDECLARED_SELECTOR = YES;
				GCC_WARN_UNINITIALIZED_AUTOS = YES_AGGRESSIVE;
				GCC_WARN_UNUSED_FUNCTION = YES;
				GCC_WARN_UNUSED_VARIABLE = YES;
				IPHONEOS_DEPLOYMENT_TARGET = 15.2;
				MTL_ENABLE_DEBUG_INFO = NO;
				MTL_FAST_MATH = YES;
				SDKROOT = iphoneos;
				SWIFT_COMPILATION_MODE = wholemodule;
				SWIFT_OPTIMIZATION_LEVEL = "-O";
				VALIDATE_PRODUCT = YES;
			};
			name = Release;
		};
		FA526C3627F3A8F5009081FA /* Debug */ = {
			isa = XCBuildConfiguration;
			buildSettings = {
				ASSETCATALOG_COMPILER_APPICON_NAME = AppIcon;
				ASSETCATALOG_COMPILER_GLOBAL_ACCENT_COLOR_NAME = AccentColor;
				ASSETCATALOG_COMPILER_INCLUDE_ALL_APPICON_ASSETS = NO;
				CODE_SIGN_STYLE = Automatic;
				CURRENT_PROJECT_VERSION = 1;
				DEVELOPMENT_TEAM = A5HF2F7LW2;
				GENERATE_INFOPLIST_FILE = YES;
				INFOPLIST_FILE = "Weather app/Info.plist";
				INFOPLIST_KEY_UIApplicationSupportsIndirectInputEvents = YES;
				INFOPLIST_KEY_UILaunchStoryboardName = Main;
				INFOPLIST_KEY_UIMainStoryboardFile = Main;
				INFOPLIST_KEY_UISupportedInterfaceOrientations_iPad = "UIInterfaceOrientationPortrait UIInterfaceOrientationPortraitUpsideDown UIInterfaceOrientationLandscapeLeft UIInterfaceOrientationLandscapeRight";
				INFOPLIST_KEY_UISupportedInterfaceOrientations_iPhone = "UIInterfaceOrientationPortrait UIInterfaceOrientationLandscapeLeft UIInterfaceOrientationLandscapeRight";
				LD_RUNPATH_SEARCH_PATHS = (
					"$(inherited)",
					"@executable_path/Frameworks",
				);
				MARKETING_VERSION = 1.0;
				PRODUCT_BUNDLE_IDENTIFIER = "VolodymyrDrobot.Weather-app";
				PRODUCT_NAME = "$(TARGET_NAME)";
				SWIFT_EMIT_LOC_STRINGS = YES;
				SWIFT_VERSION = 5.0;
				TARGETED_DEVICE_FAMILY = 1;
			};
			name = Debug;
		};
		FA526C3727F3A8F5009081FA /* Release */ = {
			isa = XCBuildConfiguration;
			buildSettings = {
				ASSETCATALOG_COMPILER_APPICON_NAME = AppIcon;
				ASSETCATALOG_COMPILER_GLOBAL_ACCENT_COLOR_NAME = AccentColor;
				ASSETCATALOG_COMPILER_INCLUDE_ALL_APPICON_ASSETS = NO;
				CODE_SIGN_STYLE = Automatic;
				CURRENT_PROJECT_VERSION = 1;
				DEVELOPMENT_TEAM = A5HF2F7LW2;
				GENERATE_INFOPLIST_FILE = YES;
				INFOPLIST_FILE = "Weather app/Info.plist";
				INFOPLIST_KEY_UIApplicationSupportsIndirectInputEvents = YES;
				INFOPLIST_KEY_UILaunchStoryboardName = Main;
				INFOPLIST_KEY_UIMainStoryboardFile = Main;
				INFOPLIST_KEY_UISupportedInterfaceOrientations_iPad = "UIInterfaceOrientationPortrait UIInterfaceOrientationPortraitUpsideDown UIInterfaceOrientationLandscapeLeft UIInterfaceOrientationLandscapeRight";
				INFOPLIST_KEY_UISupportedInterfaceOrientations_iPhone = "UIInterfaceOrientationPortrait UIInterfaceOrientationLandscapeLeft UIInterfaceOrientationLandscapeRight";
				LD_RUNPATH_SEARCH_PATHS = (
					"$(inherited)",
					"@executable_path/Frameworks",
				);
				MARKETING_VERSION = 1.0;
				PRODUCT_BUNDLE_IDENTIFIER = "VolodymyrDrobot.Weather-app";
				PRODUCT_NAME = "$(TARGET_NAME)";
				SWIFT_EMIT_LOC_STRINGS = YES;
				SWIFT_VERSION = 5.0;
				TARGETED_DEVICE_FAMILY = 1;
			};
			name = Release;
		};
/* End XCBuildConfiguration section */

/* Begin XCConfigurationList section */
		FA526C1C27F3A8F3009081FA /* Build configuration list for PBXProject "Weather app" */ = {
			isa = XCConfigurationList;
			buildConfigurations = (
				FA526C3327F3A8F5009081FA /* Debug */,
				FA526C3427F3A8F5009081FA /* Release */,
			);
			defaultConfigurationIsVisible = 0;
			defaultConfigurationName = Release;
		};
		FA526C3527F3A8F5009081FA /* Build configuration list for PBXNativeTarget "Weather app" */ = {
			isa = XCConfigurationList;
			buildConfigurations = (
				FA526C3627F3A8F5009081FA /* Debug */,
				FA526C3727F3A8F5009081FA /* Release */,
			);
			defaultConfigurationIsVisible = 0;
			defaultConfigurationName = Release;
		};
/* End XCConfigurationList section */
	};
	rootObject = FA526C1927F3A8F3009081FA /* Project object */;
}
